{
  "name": "flashlight-concurrency",
  "lockfileVersion": 3,
  "requires": true,
  "packages": {
    "": {
      "name": "flashlight-concurrency",
      "license": "UNLICENSED",
      "dependencies": {
        "@perf-profiler/profiler": "0.10.11"
      }
    },
    "node_modules/@perf-profiler/android": {
      "version": "0.13.0",
      "resolved": "https://registry.npmjs.org/@perf-profiler/android/-/android-0.13.0.tgz",
      "integrity": "sha512-4lUQjJNHFAYB5npts5JLrPaPNpIOEAAjfpeTQOOgBNLT1NW50WWSGuvV2pAdnMi7T28cXs3aUziJJ30cNrSvNg==",
      "license": "MIT",
      "dependencies": {
        "@perf-profiler/logger": "^0.3.3",
        "@perf-profiler/profiler": "^0.10.11",
        "@perf-profiler/types": "^0.8.0",
        "commander": "^12.0.0",
        "lodash": "^4.17.21"
      },
      "bin": {
        "perf-profiler-commands": "dist/src/commands.js"
      }
    },
    "node_modules/@perf-profiler/ios": {
      "version": "0.3.3",
      "resolved": "https://registry.npmjs.org/@perf-profiler/ios/-/ios-0.3.3.tgz",
      "integrity": "sha512-dbb9lVKOyj1VjinuxrnbfI3FT0+uhH3xclqLQH7rQFA4d93dusjC/s3RzlnCXRNPFPDy5TTmkiIg3xM/6P3/2g==",
      "license": "MIT",
      "dependencies": {
        "@perf-profiler/ios-instruments": "^0.3.3",
        "@perf-profiler/logger": "^0.3.3",
        "@perf-profiler/types": "^0.8.0"
      }
    },
    "node_modules/@perf-profiler/ios-instruments": {
      "version": "0.3.3",
      "resolved": "https://registry.npmjs.org/@perf-profiler/ios-instruments/-/ios-instruments-0.3.3.tgz",
      "integrity": "sha512-e3UmlWuNUOuNbJPWg6aLOVd9wRKe3RYCqwwUgxMNIAwa5QBxaVYBf2pt3+HRsYReh2qm1yvqW7LU9zP+AJ7/7g==",
      "license": "ISC",
      "dependencies": {
        "@perf-profiler/logger": "^0.3.3",
        "@perf-profiler/profiler": "^0.10.11",
        "@perf-profiler/types": "^0.8.0",
        "commander": "^12.0.0",
        "fast-xml-parser": "^4.2.7"
      },
      "bin": {
        "flashlight-ios-poc": "dist/launchIOS.js"
      }
    },
    "node_modules/@perf-profiler/logger": {
      "version": "0.3.3",
      "resolved": "https://registry.npmjs.org/@perf-profiler/logger/-/logger-0.3.3.tgz",
      "integrity": "sha512-iAJJ5gWhJ3zEpdMT7M2+HX0Q0UjSuCOZiEs5g8UKKPFYQjmPWwC6otHoZz6ZzRRddjiA065iD2PTytVFkpFTeQ==",
      "dependencies": {
        "kleur": "^4.1.5",
        "luxon": "^3.4.4"
      },
      "bin": {
        "perf-profiler-logger": "dist/bin.js"
      }
    },
    "node_modules/@perf-profiler/profiler": {
      "version": "0.10.11",
      "resolved": "https://registry.npmjs.org/@perf-profiler/profiler/-/profiler-0.10.11.tgz",
      "integrity": "sha512-nu/zakhG5wRi0tCw4SjTCZJh9e/x9YABAOChh3lGI6CESsFzc1Gi2Vrr+2sytN8dpiTDYCCbECC2EalD7ZKvtg==",
      "license": "MIT",
      "dependencies": {
        "@perf-profiler/android": "^0.13.0",
        "@perf-profiler/ios": "^0.3.3",
        "@perf-profiler/types": "^0.8.0"
      }
    },
    "node_modules/@perf-profiler/types": {
      "version": "0.8.0",
      "resolved": "https://registry.npmjs.org/@perf-profiler/types/-/types-0.8.0.tgz",
      "integrity": "sha512-TFiktv00SzLjjPp1hFYYjT9O36iGIUaF6yPLd7x/UT4CuLd0YYDUj+gvX0fbXtVtV7141tTvWbXFL5HiXGx0kw=="
    },
    "node_modules/commander": {
      "version": "12.1.0",
      "resolved": "https://registry.npmjs.org/commander/-/commander-12.1.0.tgz",
      "integrity": "sha512-Vw8qHK3bZM9y/P10u3Vib8o/DdkvA2OtPtZvD871QKjy74Wj1WSKFILMPRPSdUSx5RFK1arlJzEtA4PkFgnbuA==",
      "license": "MIT",
      "engines": {
        "node": ">=18"
      }
    },
    "node_modules/fast-xml-parser": {
      "version": "4.5.7",
      "resolved": "https://registry.npmjs.org/fast-xml-parser/-/fast-xml-parser-4.5.7.tgz",
      "integrity": "sha512-a6Qh1RMCNbSrU1+sAyAAZH3rTe+OaWJbNZIq0S+ifZciUUOQtlVxBJwoTUE2bYhysmG/RYyI5WJFIKdBahJdrQ==",
      "funding": [
        {
          "type": "github",
          "url": "https://github.com/sponsors/NaturalIntelligence"
        }
      ],
      "license": "MIT",
      "dependencies": {
        "strnum": "^1.0.5"
      },
      "bin": {
        "fxparser": "src/cli/cli.js"
      }
    },
    "node_modules/kleur": {
      "version": "4.1.5",
      "resolved": "https://registry.npmjs.org/kleur/-/kleur-4.1.5.tgz",
      "integrity": "sha512-o+NO+8WrRiQEE4/7nwRJhN1HWpVmJm511pBHUxPLtp0BUISzlBplORYSmTclCnJvQq2tKu/sgl3xVpkc7ZWuQQ==",
      "license": "MIT",
      "engines": {
        "node": ">=6"
      }
    },
    "node_modules/lodash": {
      "version": "4.18.1",
      "resolved": "https://registry.npmjs.org/lodash/-/lodash-4.18.1.tgz",
      "integrity": "sha512-dMInicTPVE8d1e5otfwmmjlxkZoUpiVLwyeTdUsi/Caj/gfzzblBcCE5sRHV/AsjuCmxWrte2TNGSYuCeCq+0Q==",
      "license": "MIT"
    },
    "node_modules/luxon": {
      "version": "3.7.2",
      "resolved": "https://registry.npmjs.org/luxon/-/luxon-3.7.2.tgz",
      "integrity": "sha512-vtEhXh/gNjI9Yg1u4jX/0YVPMvxzHuGgCm6tC5kZyb08yjGWGnqAjGJvcXbqQR2P3MyMEFnRbpcdFS6PBcLqew==",
      "license": "MIT",
      "engines": {
        "node": ">=12"
      }
    },
    "node_modules/strnum": {
      "version": "1.1.2",
      "resolved": "https://registry.npmjs.org/strnum/-/strnum-1.1.2.tgz",
      "integrity": "sha512-vrN+B7DBIoTTZjnPNewwhx6cBA/H+IS7rfW68n7XxC1y7uoiGQBxaKzqucGUgavX15dJgiGztLJ8vxuEzwqBdA==",
      "funding": [
        {
          "type": "github",
          "url": "https://github.com/sponsors/NaturalIntelligence"
        }
      ],
      "license": "MIT"
    }
  }
}
